{
  "version": 4,
  "terraform_version": "1.3.4",
  "serial": 4,
  "lineage": "f50d5206-3ca0-883b-270a-c4459df1980c",
  "outputs": {
    "repo_url": {
      "value": "https://github.com/catsmeowings/hashicat-app",
      "type": "string"
    }
  },
  "resources": [
    {
      "mode": "managed",
      "type": "github_repository",
      "name": "hashicat",
      "provider": "provider[\"registry.terraform.io/integrations/github\"]",
      "instances": [
        {
          "schema_version": 0,
          "attributes": {
            "allow_auto_merge": false,
            "allow_merge_commit": true,
            "allow_rebase_merge": true,
            "allow_squash_merge": true,
            "archive_on_destroy": null,
            "archived": false,
            "auto_init": null,
            "branches": [
              {
                "name": "main",
                "protected": false
              }
            ],
            "default_branch": "main",
            "delete_branch_on_merge": false,
            "description": "HaschiCat App is a social app for felines of all kinds.",
            "etag": "W/\"197fc10a5abcb8b452b4c3061cb18f888f72d515593ab54a62e329a72b96a73c\"",
            "full_name": "catsmeowings/hashicat-app",
            "git_clone_url": "git://github.com/catsmeowings/hashicat-app.git",
            "gitignore_template": null,
            "has_downloads": false,
            "has_issues": false,
            "has_projects": false,
            "has_wiki": false,
            "homepage_url": "",
            "html_url": "https://github.com/catsmeowings/hashicat-app",
            "http_clone_url": "https://github.com/catsmeowings/hashicat-app.git",
            "id": "hashicat-app",
            "ignore_vulnerability_alerts_during_read": null,
            "is_template": false,
            "license_template": null,
            "merge_commit_message": "PR_TITLE",
            "merge_commit_title": "MERGE_MESSAGE",
            "name": "hashicat-app",
            "node_id": "R_kgDOMma4kw",
            "pages": [],
            "private": false,
            "repo_id": 845592723,
            "squash_merge_commit_message": "COMMIT_MESSAGES",
            "squash_merge_commit_title": "COMMIT_OR_PR_TITLE",
            "ssh_clone_url": "git@github.com:catsmeowings/hashicat-app.git",
            "svn_url": "https://github.com/catsmeowings/hashicat-app",
            "template": [],
            "topics": [],
            "visibility": "public",
            "vulnerability_alerts": false
          },
          "sensitive_attributes": [],
          "private": "bnVsbA=="
        }
      ]
    }
  ],
  "check_results": null
}
